{
  "version": 4,
  "terraform_version": "0.14.3",
  "serial": 25,
  "lineage": "108d19fa-d371-54e6-515d-ae1723e799b3",
  "outputs": {
    "exercise_1_url": {
      "value": "https://3l2zndyysk.execute-api.eu-central-1.amazonaws.com/test",
      "type": "string"
    },
    "exercise_2_url": {
      "value": "test-lb-tf-1133402239.eu-central-1.elb.amazonaws.com",
      "type": "string"
    }
  },
  "resources": [
    {
      "mode": "data",
      "type": "archive_file",
      "name": "lambda",
      "provider": "provider[\"registry.terraform.io/hashicorp/archive\"]",
      "instances": [
        {
          "schema_version": 0,
          "attributes": {
            "excludes": null,
            "id": "1b277e116a5f55b58acad223cdb6526dd74e2b80",
            "output_base64sha256": "Rlw3lM3XyhrH7ev8xDHOC9B7yvoEv+6ZRwujv7/l3bI=",
            "output_md5": "379c2a29dc8d45218bb72af56d464503",
            "output_path": "lambda.zip",
            "output_sha": "1b277e116a5f55b58acad223cdb6526dd74e2b80",
            "output_size": 596,
            "source": [],
            "source_content": null,
            "source_content_filename": null,
            "source_dir": "lambda",
            "source_file": null,
            "type": "zip"
          },
          "sensitive_attributes": []
        }
      ]
    },
    {
      "mode": "data",
      "type": "aws_iam_policy_document",
      "name": "assume_role_policy",
      "provider": "provider[\"registry.terraform.io/hashicorp/aws\"]",
      "instances": [
        {
          "schema_version": 0,
          "attributes": {
            "id": "320642683",
            "json": "{\n  \"Version\": \"2012-10-17\",\n  \"Statement\": [\n    {\n      \"Sid\": \"\",\n      \"Effect\": \"Allow\",\n      \"Action\": \"sts:AssumeRole\",\n      \"Principal\": {\n        \"Service\": \"ecs-tasks.amazonaws.com\"\n      }\n    }\n  ]\n}",
            "override_json": null,
            "policy_id": null,
            "source_json": null,
            "statement": [
              {
                "actions": [
                  "sts:AssumeRole"
                ],
                "condition": [],
                "effect": "Allow",
                "not_actions": [],
                "not_principals": [],
                "not_resources": [],
                "principals": [
                  {
                    "identifiers": [
                      "ecs-tasks.amazonaws.com"
                    ],
                    "type": "Service"
                  }
                ],
                "resources": [],
                "sid": ""
              }
            ],
            "version": "2012-10-17"
          },
          "sensitive_attributes": []
        }
      ]
    },
    {
      "mode": "managed",
      "type": "aws_alb",
      "name": "application_load_balancer",
      "provider": "provider[\"registry.terraform.io/hashicorp/aws\"]",
      "instances": [
        {
          "schema_version": 0,
          "attributes": {
            "access_logs": [
              {
                "bucket": "",
                "enabled": false,
                "prefix": ""
              }
            ],
            "arn": "arn:aws:elasticloadbalancing:eu-central-1:935578556904:loadbalancer/app/test-lb-tf/f6021b8c35a155bf",
            "arn_suffix": "app/test-lb-tf/f6021b8c35a155bf",
            "customer_owned_ipv4_pool": "",
            "dns_name": "test-lb-tf-1133402239.eu-central-1.elb.amazonaws.com",
            "drop_invalid_header_fields": false,
            "enable_cross_zone_load_balancing": null,
            "enable_deletion_protection": false,
            "enable_http2": true,
            "id": "arn:aws:elasticloadbalancing:eu-central-1:935578556904:loadbalancer/app/test-lb-tf/f6021b8c35a155bf",
            "idle_timeout": 60,
            "internal": false,
            "ip_address_type": "ipv4",
            "load_balancer_type": "application",
            "name": "test-lb-tf",
            "name_prefix": null,
            "security_groups": [
              "sg-07c0292259455d836"
            ],
            "subnet_mapping": [
              {
                "allocation_id": "",
                "outpost_id": "",
                "private_ipv4_address": "",
                "subnet_id": "subnet-20a76c6c"
              },
              {
                "allocation_id": "",
                "outpost_id": "",
                "private_ipv4_address": "",
                "subnet_id": "subnet-602ca20a"
              },
              {
                "allocation_id": "",
                "outpost_id": "",
                "private_ipv4_address": "",
                "subnet_id": "subnet-8a8e4af6"
              }
            ],
            "subnets": [
              "subnet-20a76c6c",
              "subnet-602ca20a",
              "subnet-8a8e4af6"
            ],
            "tags": null,
            "timeouts": null,
            "vpc_id": "vpc-908d2bfa",
            "zone_id": "Z215JYRZR1TBD5"
          },
          "sensitive_attributes": [],
          "private": "eyJlMmJmYjczMC1lY2FhLTExZTYtOGY4OC0zNDM2M2JjN2M0YzAiOnsiY3JlYXRlIjo2MDAwMDAwMDAwMDAsImRlbGV0ZSI6NjAwMDAwMDAwMDAwLCJ1cGRhdGUiOjYwMDAwMDAwMDAwMH19",
          "dependencies": [
            "aws_default_subnet.default_subnet_a",
            "aws_default_subnet.default_subnet_b",
            "aws_default_subnet.default_subnet_c",
            "aws_security_group.load_balancer_security_group"
          ]
        }
      ]
    },
    {
      "mode": "managed",
      "type": "aws_api_gateway_deployment",
      "name": "example",
      "provider": "provider[\"registry.terraform.io/hashicorp/aws\"]",
      "instances": [
        {
          "schema_version": 0,
          "attributes": {
            "created_date": "2021-02-01T07:39:18Z",
            "description": "",
            "execution_arn": "arn:aws:execute-api:eu-central-1:935578556904:3l2zndyysk/test",
            "id": "4ewlpd",
            "invoke_url": "https://3l2zndyysk.execute-api.eu-central-1.amazonaws.com/test",
            "rest_api_id": "3l2zndyysk",
            "stage_description": null,
            "stage_name": "test",
            "triggers": null,
            "variables": null
          },
          "sensitive_attributes": [],
          "private": "bnVsbA==",
          "dependencies": [
            "aws_api_gateway_integration.lambda",
            "aws_api_gateway_integration.lambda_root",
            "aws_api_gateway_method.proxy",
            "aws_api_gateway_method.proxy_root",
            "aws_api_gateway_resource.proxy",
            "aws_api_gateway_rest_api.example",
            "aws_iam_role.lambda_exec",
            "aws_lambda_function.example"
          ]
        }
      ]
    },
    {
      "mode": "managed",
      "type": "aws_api_gateway_integration",
      "name": "lambda",
      "provider": "provider[\"registry.terraform.io/hashicorp/aws\"]",
      "instances": [
        {
          "schema_version": 0,
          "attributes": {
            "cache_key_parameters": null,
            "cache_namespace": "yum9mj",
            "connection_id": "",
            "connection_type": "INTERNET",
            "content_handling": "",
            "credentials": "",
            "http_method": "ANY",
            "id": "agi-3l2zndyysk-yum9mj-ANY",
            "integration_http_method": "POST",
            "passthrough_behavior": "WHEN_NO_MATCH",
            "request_parameters": null,
            "request_templates": null,
            "resource_id": "yum9mj",
            "rest_api_id": "3l2zndyysk",
            "timeout_milliseconds": 29000,
            "tls_config": [],
            "type": "AWS_PROXY",
            "uri": "arn:aws:apigateway:eu-central-1:lambda:path/2015-03-31/functions/arn:aws:lambda:eu-central-1:935578556904:function:ServerlessExample/invocations"
          },
          "sensitive_attributes": [],
          "private": "bnVsbA==",
          "dependencies": [
            "aws_api_gateway_method.proxy",
            "aws_api_gateway_resource.proxy",
            "aws_api_gateway_rest_api.example",
            "aws_iam_role.lambda_exec",
            "aws_lambda_function.example"
          ]
        }
      ]
    },
    {
      "mode": "managed",
      "type": "aws_api_gateway_integration",
      "name": "lambda_root",
      "provider": "provider[\"registry.terraform.io/hashicorp/aws\"]",
      "instances": [
        {
          "schema_version": 0,
          "attributes": {
            "cache_key_parameters": null,
            "cache_namespace": "az2z0mkkzd",
            "connection_id": "",
            "connection_type": "INTERNET",
            "content_handling": "",
            "credentials": "",
            "http_method": "ANY",
            "id": "agi-3l2zndyysk-az2z0mkkzd-ANY",
            "integration_http_method": "POST",
            "passthrough_behavior": "WHEN_NO_MATCH",
            "request_parameters": null,
            "request_templates": null,
            "resource_id": "az2z0mkkzd",
            "rest_api_id": "3l2zndyysk",
            "timeout_milliseconds": 29000,
            "tls_config": [],
            "type": "AWS_PROXY",
            "uri": "arn:aws:apigateway:eu-central-1:lambda:path/2015-03-31/functions/arn:aws:lambda:eu-central-1:935578556904:function:ServerlessExample/invocations"
          },
          "sensitive_attributes": [],
          "private": "bnVsbA==",
          "dependencies": [
            "aws_api_gateway_method.proxy_root",
            "aws_api_gateway_rest_api.example",
            "aws_iam_role.lambda_exec",
            "aws_lambda_function.example"
          ]
        }
      ]
    },
    {
      "mode": "managed",
      "type": "aws_api_gateway_method",
      "name": "proxy",
      "provider": "provider[\"registry.terraform.io/hashicorp/aws\"]",
      "instances": [
        {
          "schema_version": 0,
          "attributes": {
            "api_key_required": false,
            "authorization": "NONE",
            "authorization_scopes": null,
            "authorizer_id": null,
            "http_method": "ANY",
            "id": "agm-3l2zndyysk-yum9mj-ANY",
            "operation_name": null,
            "request_models": null,
            "request_parameters": null,
            "request_validator_id": null,
            "resource_id": "yum9mj",
            "rest_api_id": "3l2zndyysk"
          },
          "sensitive_attributes": [],
          "private": "bnVsbA==",
          "dependencies": [
            "aws_api_gateway_resource.proxy",
            "aws_api_gateway_rest_api.example"
          ]
        }
      ]
    },
    {
      "mode": "managed",
      "type": "aws_api_gateway_method",
      "name": "proxy_root",
      "provider": "provider[\"registry.terraform.io/hashicorp/aws\"]",
      "instances": [
        {
          "schema_version": 0,
          "attributes": {
            "api_key_required": false,
            "authorization": "NONE",
            "authorization_scopes": null,
            "authorizer_id": null,
            "http_method": "ANY",
            "id": "agm-3l2zndyysk-az2z0mkkzd-ANY",
            "operation_name": null,
            "request_models": null,
            "request_parameters": null,
            "request_validator_id": null,
            "resource_id": "az2z0mkkzd",
            "rest_api_id": "3l2zndyysk"
          },
          "sensitive_attributes": [],
          "private": "bnVsbA==",
          "dependencies": [
            "aws_api_gateway_rest_api.example"
          ]
        }
      ]
    },
    {
      "mode": "managed",
      "type": "aws_api_gateway_resource",
      "name": "proxy",
      "provider": "provider[\"registry.terraform.io/hashicorp/aws\"]",
      "instances": [
        {
          "schema_version": 0,
          "attributes": {
            "id": "yum9mj",
            "parent_id": "az2z0mkkzd",
            "path": "/{proxy+}",
            "path_part": "{proxy+}",
            "rest_api_id": "3l2zndyysk"
          },
          "sensitive_attributes": [],
          "private": "bnVsbA==",
          "dependencies": [
            "aws_api_gateway_rest_api.example"
          ]
        }
      ]
    },
    {
      "mode": "managed",
      "type": "aws_api_gateway_rest_api",
      "name": "example",
      "provider": "provider[\"registry.terraform.io/hashicorp/aws\"]",
      "instances": [
        {
          "schema_version": 0,
          "attributes": {
            "api_key_source": "HEADER",
            "arn": "arn:aws:apigateway:eu-central-1::/restapis/3l2zndyysk",
            "binary_media_types": [],
            "body": null,
            "created_date": "2021-02-01T07:38:59Z",
            "description": "Terraform Serverless Application Example",
            "disable_execute_api_endpoint": false,
            "endpoint_configuration": [
              {
                "types": [
                  "EDGE"
                ],
                "vpc_endpoint_ids": []
              }
            ],
            "execution_arn": "arn:aws:execute-api:eu-central-1:935578556904:3l2zndyysk",
            "id": "3l2zndyysk",
            "minimum_compression_size": -1,
            "name": "ServerlessExample",
            "parameters": null,
            "policy": "",
            "root_resource_id": "az2z0mkkzd",
            "tags": null
          },
          "sensitive_attributes": [],
          "private": "bnVsbA=="
        }
      ]
    },
    {
      "mode": "managed",
      "type": "aws_default_subnet",
      "name": "default_subnet_a",
      "provider": "provider[\"registry.terraform.io/hashicorp/aws\"]",
      "instances": [
        {
          "schema_version": 1,
          "attributes": {
            "arn": "arn:aws:ec2:eu-central-1:935578556904:subnet/subnet-602ca20a",
            "assign_ipv6_address_on_creation": false,
            "availability_zone": "eu-central-1a",
            "availability_zone_id": "euc1-az2",
            "cidr_block": "172.31.16.0/20",
            "id": "subnet-602ca20a",
            "ipv6_cidr_block": "",
            "ipv6_cidr_block_association_id": "",
            "map_public_ip_on_launch": true,
            "outpost_arn": "",
            "owner_id": "935578556904",
            "tags": null,
            "timeouts": null,
            "vpc_id": "vpc-908d2bfa"
          },
          "sensitive_attributes": [],
          "private": "eyJlMmJmYjczMC1lY2FhLTExZTYtOGY4OC0zNDM2M2JjN2M0YzAiOnsiY3JlYXRlIjo2MDAwMDAwMDAwMDAsImRlbGV0ZSI6MTIwMDAwMDAwMDAwMH0sInNjaGVtYV92ZXJzaW9uIjoiMSJ9"
        }
      ]
    },
    {
      "mode": "managed",
      "type": "aws_default_subnet",
      "name": "default_subnet_b",
      "provider": "provider[\"registry.terraform.io/hashicorp/aws\"]",
      "instances": [
        {
          "schema_version": 1,
          "attributes": {
            "arn": "arn:aws:ec2:eu-central-1:935578556904:subnet/subnet-8a8e4af6",
            "assign_ipv6_address_on_creation": false,
            "availability_zone": "eu-central-1b",
            "availability_zone_id": "euc1-az3",
            "cidr_block": "172.31.32.0/20",
            "id": "subnet-8a8e4af6",
            "ipv6_cidr_block": "",
            "ipv6_cidr_block_association_id": "",
            "map_public_ip_on_launch": true,
            "outpost_arn": "",
            "owner_id": "935578556904",
            "tags": null,
            "timeouts": null,
            "vpc_id": "vpc-908d2bfa"
          },
          "sensitive_attributes": [],
          "private": "eyJlMmJmYjczMC1lY2FhLTExZTYtOGY4OC0zNDM2M2JjN2M0YzAiOnsiY3JlYXRlIjo2MDAwMDAwMDAwMDAsImRlbGV0ZSI6MTIwMDAwMDAwMDAwMH0sInNjaGVtYV92ZXJzaW9uIjoiMSJ9"
        }
      ]
    },
    {
      "mode": "managed",
      "type": "aws_default_subnet",
      "name": "default_subnet_c",
      "provider": "provider[\"registry.terraform.io/hashicorp/aws\"]",
      "instances": [
        {
          "schema_version": 1,
          "attributes": {
            "arn": "arn:aws:ec2:eu-central-1:935578556904:subnet/subnet-20a76c6c",
            "assign_ipv6_address_on_creation": false,
            "availability_zone": "eu-central-1c",
            "availability_zone_id": "euc1-az1",
            "cidr_block": "172.31.0.0/20",
            "id": "subnet-20a76c6c",
            "ipv6_cidr_block": "",
            "ipv6_cidr_block_association_id": "",
            "map_public_ip_on_launch": true,
            "outpost_arn": "",
            "owner_id": "935578556904",
            "tags": null,
            "timeouts": null,
            "vpc_id": "vpc-908d2bfa"
          },
          "sensitive_attributes": [],
          "private": "eyJlMmJmYjczMC1lY2FhLTExZTYtOGY4OC0zNDM2M2JjN2M0YzAiOnsiY3JlYXRlIjo2MDAwMDAwMDAwMDAsImRlbGV0ZSI6MTIwMDAwMDAwMDAwMH0sInNjaGVtYV92ZXJzaW9uIjoiMSJ9"
        }
      ]
    },
    {
      "mode": "managed",
      "type": "aws_default_vpc",
      "name": "default_vpc",
      "provider": "provider[\"registry.terraform.io/hashicorp/aws\"]",
      "instances": [
        {
          "schema_version": 1,
          "attributes": {
            "arn": "arn:aws:ec2:eu-central-1:935578556904:vpc/vpc-908d2bfa",
            "assign_generated_ipv6_cidr_block": false,
            "cidr_block": "172.31.0.0/16",
            "default_network_acl_id": "acl-4890e322",
            "default_route_table_id": "rtb-388ad252",
            "default_security_group_id": "sg-820cdef9",
            "dhcp_options_id": "dopt-0f43e565",
            "enable_classiclink": null,
            "enable_classiclink_dns_support": null,
            "enable_dns_hostnames": true,
            "enable_dns_support": true,
            "id": "vpc-908d2bfa",
            "instance_tenancy": "default",
            "ipv6_association_id": "",
            "ipv6_cidr_block": "",
            "main_route_table_id": "rtb-388ad252",
            "owner_id": "935578556904",
            "tags": null
          },
          "sensitive_attributes": [],
          "private": "eyJzY2hlbWFfdmVyc2lvbiI6IjEifQ=="
        }
      ]
    },
    {
      "mode": "managed",
      "type": "aws_ecr_repository",
      "name": "ecr_repo",
      "provider": "provider[\"registry.terraform.io/hashicorp/aws\"]",
      "instances": [
        {
          "schema_version": 0,
          "attributes": {
            "arn": "arn:aws:ecr:eu-central-1:935578556904:repository/result-sender",
            "encryption_configuration": [
              {
                "encryption_type": "AES256",
                "kms_key": ""
              }
            ],
            "id": "result-sender",
            "image_scanning_configuration": [
              {
                "scan_on_push": false
              }
            ],
            "image_tag_mutability": "MUTABLE",
            "name": "result-sender",
            "registry_id": "935578556904",
            "repository_url": "935578556904.dkr.ecr.eu-central-1.amazonaws.com/result-sender",
            "tags": null,
            "timeouts": null
          },
          "sensitive_attributes": [],
          "private": "eyJlMmJmYjczMC1lY2FhLTExZTYtOGY4OC0zNDM2M2JjN2M0YzAiOnsiZGVsZXRlIjoxMjAwMDAwMDAwMDAwfX0="
        }
      ]
    },
    {
      "mode": "managed",
      "type": "aws_ecs_cluster",
      "name": "my_cluster",
      "provider": "provider[\"registry.terraform.io/hashicorp/aws\"]",
      "instances": [
        {
          "schema_version": 0,
          "attributes": {
            "arn": "arn:aws:ecs:eu-central-1:935578556904:cluster/my-cluster",
            "capacity_providers": null,
            "default_capacity_provider_strategy": [],
            "id": "arn:aws:ecs:eu-central-1:935578556904:cluster/my-cluster",
            "name": "my-cluster",
            "setting": [
              {
                "name": "containerInsights",
                "value": "disabled"
              }
            ],
            "tags": null
          },
          "sensitive_attributes": [],
          "private": "bnVsbA=="
        }
      ]
    },
    {
      "mode": "managed",
      "type": "aws_ecs_service",
      "name": "my_first_service",
      "provider": "provider[\"registry.terraform.io/hashicorp/aws\"]",
      "instances": [
        {
          "schema_version": 0,
          "attributes": {
            "capacity_provider_strategy": [],
            "cluster": "arn:aws:ecs:eu-central-1:935578556904:cluster/my-cluster",
            "deployment_controller": [
              {
                "type": "ECS"
              }
            ],
            "deployment_maximum_percent": 200,
            "deployment_minimum_healthy_percent": 100,
            "desired_count": 3,
            "enable_ecs_managed_tags": false,
            "force_new_deployment": null,
            "health_check_grace_period_seconds": 0,
            "iam_role": "aws-service-role",
            "id": "arn:aws:ecs:eu-central-1:935578556904:service/my-cluster/my-first-service",
            "launch_type": "FARGATE",
            "load_balancer": [
              {
                "container_name": "my-first-task",
                "container_port": 3000,
                "elb_name": "",
                "target_group_arn": "arn:aws:elasticloadbalancing:eu-central-1:935578556904:targetgroup/target-group/275daa9ac884da48"
              }
            ],
            "name": "my-first-service",
            "network_configuration": [
              {
                "assign_public_ip": true,
                "security_groups": [
                  "sg-0c79de40d93b26c50"
                ],
                "subnets": [
                  "subnet-20a76c6c",
                  "subnet-602ca20a",
                  "subnet-8a8e4af6"
                ]
              }
            ],
            "ordered_placement_strategy": [],
            "placement_constraints": [],
            "platform_version": "LATEST",
            "propagate_tags": "NONE",
            "scheduling_strategy": "REPLICA",
            "service_registries": [],
            "tags": null,
            "task_definition": "arn:aws:ecs:eu-central-1:935578556904:task-definition/my-first-task:18",
            "timeouts": null,
            "wait_for_steady_state": false
          },
          "sensitive_attributes": [],
          "private": "eyJlMmJmYjczMC1lY2FhLTExZTYtOGY4OC0zNDM2M2JjN2M0YzAiOnsiZGVsZXRlIjoxMjAwMDAwMDAwMDAwfX0=",
          "dependencies": [
            "aws_alb.application_load_balancer",
            "aws_default_subnet.default_subnet_a",
            "aws_default_subnet.default_subnet_b",
            "aws_default_subnet.default_subnet_c",
            "aws_default_vpc.default_vpc",
            "aws_ecr_repository.ecr_repo",
            "aws_ecs_cluster.my_cluster",
            "aws_ecs_task_definition.my_first_task",
            "aws_iam_role.ecsTaskExecutionRole",
            "aws_lb_target_group.target_group",
            "aws_security_group.load_balancer_security_group",
            "aws_security_group.service_security_group",
            "data.aws_iam_policy_document.assume_role_policy"
          ]
        }
      ]
    },
    {
      "mode": "managed",
      "type": "aws_ecs_task_definition",
      "name": "my_first_task",
      "provider": "provider[\"registry.terraform.io/hashicorp/aws\"]",
      "instances": [
        {
          "schema_version": 1,
          "attributes": {
            "arn": "arn:aws:ecs:eu-central-1:935578556904:task-definition/my-first-task:18",
            "container_definitions": "[{\"cpu\":256,\"environment\":[],\"essential\":true,\"image\":\"935578556904.dkr.ecr.eu-central-1.amazonaws.com/result-sender\",\"memory\":512,\"mountPoints\":[],\"name\":\"my-first-task\",\"portMappings\":[{\"containerPort\":3000,\"hostPort\":3000,\"protocol\":\"tcp\"}],\"volumesFrom\":[]}]",
            "cpu": "256",
            "execution_role_arn": "arn:aws:iam::935578556904:role/ecsTaskExecutionRole",
            "family": "my-first-task",
            "id": "my-first-task",
            "inference_accelerator": [],
            "ipc_mode": "",
            "memory": "512",
            "network_mode": "awsvpc",
            "pid_mode": "",
            "placement_constraints": [],
            "proxy_configuration": [],
            "requires_compatibilities": [
              "FARGATE"
            ],
            "revision": 18,
            "tags": null,
            "task_role_arn": "",
            "volume": []
          },
          "sensitive_attributes": [],
          "private": "eyJzY2hlbWFfdmVyc2lvbiI6IjEifQ==",
          "dependencies": [
            "aws_ecr_repository.ecr_repo",
            "aws_iam_role.ecsTaskExecutionRole",
            "data.aws_iam_policy_document.assume_role_policy"
          ]
        }
      ]
    },
    {
      "mode": "managed",
      "type": "aws_iam_role",
      "name": "ecsTaskExecutionRole",
      "provider": "provider[\"registry.terraform.io/hashicorp/aws\"]",
      "instances": [
        {
          "schema_version": 0,
          "attributes": {
            "arn": "arn:aws:iam::935578556904:role/ecsTaskExecutionRole",
            "assume_role_policy": "{\"Version\":\"2012-10-17\",\"Statement\":[{\"Sid\":\"\",\"Effect\":\"Allow\",\"Principal\":{\"Service\":\"ecs-tasks.amazonaws.com\"},\"Action\":\"sts:AssumeRole\"}]}",
            "create_date": "2021-02-01T07:38:59Z",
            "description": "",
            "force_detach_policies": false,
            "id": "ecsTaskExecutionRole",
            "max_session_duration": 3600,
            "name": "ecsTaskExecutionRole",
            "name_prefix": null,
            "path": "/",
            "permissions_boundary": null,
            "tags": null,
            "unique_id": "AROA5TVGT3HUFRBTZDA7R"
          },
          "sensitive_attributes": [],
          "private": "bnVsbA==",
          "dependencies": [
            "data.aws_iam_policy_document.assume_role_policy"
          ]
        }
      ]
    },
    {
      "mode": "managed",
      "type": "aws_iam_role",
      "name": "lambda_exec",
      "provider": "provider[\"registry.terraform.io/hashicorp/aws\"]",
      "instances": [
        {
          "schema_version": 0,
          "attributes": {
            "arn": "arn:aws:iam::935578556904:role/serverless_example_lambda",
            "assume_role_policy": "{\"Version\":\"2008-10-17\",\"Statement\":[{\"Sid\":\"\",\"Effect\":\"Allow\",\"Principal\":{\"Service\":\"lambda.amazonaws.com\"},\"Action\":\"sts:AssumeRole\"}]}",
            "create_date": "2021-02-01T07:38:59Z",
            "description": "",
            "force_detach_policies": false,
            "id": "serverless_example_lambda",
            "max_session_duration": 3600,
            "name": "serverless_example_lambda",
            "name_prefix": null,
            "path": "/",
            "permissions_boundary": null,
            "tags": null,
            "unique_id": "AROA5TVGT3HUCEK3SBZJH"
          },
          "sensitive_attributes": [],
          "private": "bnVsbA=="
        }
      ]
    },
    {
      "mode": "managed",
      "type": "aws_iam_role_policy_attachment",
      "name": "ecsTaskExecutionRole_policy",
      "provider": "provider[\"registry.terraform.io/hashicorp/aws\"]",
      "instances": [
        {
          "schema_version": 0,
          "attributes": {
            "id": "ecsTaskExecutionRole-20210201073902588500000002",
            "policy_arn": "arn:aws:iam::aws:policy/service-role/AmazonECSTaskExecutionRolePolicy",
            "role": "ecsTaskExecutionRole"
          },
          "sensitive_attributes": [],
          "private": "bnVsbA==",
          "dependencies": [
            "aws_iam_role.ecsTaskExecutionRole",
            "data.aws_iam_policy_document.assume_role_policy"
          ]
        }
      ]
    },
    {
      "mode": "managed",
      "type": "aws_lambda_function",
      "name": "example",
      "provider": "provider[\"registry.terraform.io/hashicorp/aws\"]",
      "instances": [
        {
          "schema_version": 0,
          "attributes": {
            "arn": "arn:aws:lambda:eu-central-1:935578556904:function:ServerlessExample",
            "code_signing_config_arn": "",
            "dead_letter_config": [],
            "description": "",
            "environment": [],
            "file_system_config": [],
            "filename": "lambda.zip",
            "function_name": "ServerlessExample",
            "handler": "main.handler",
            "id": "ServerlessExample",
            "image_config": [],
            "image_uri": "",
            "invoke_arn": "arn:aws:apigateway:eu-central-1:lambda:path/2015-03-31/functions/arn:aws:lambda:eu-central-1:935578556904:function:ServerlessExample/invocations",
            "kms_key_arn": "",
            "last_modified": "2021-02-01T07:39:10.045+0000",
            "layers": null,
            "memory_size": 128,
            "package_type": "Zip",
            "publish": false,
            "qualified_arn": "arn:aws:lambda:eu-central-1:935578556904:function:ServerlessExample:$LATEST",
            "reserved_concurrent_executions": -1,
            "role": "arn:aws:iam::935578556904:role/serverless_example_lambda",
            "runtime": "nodejs10.x",
            "s3_bucket": null,
            "s3_key": null,
            "s3_object_version": null,
            "signing_job_arn": "",
            "signing_profile_version_arn": "",
            "source_code_hash": "Rlw3lM3XyhrH7ev8xDHOC9B7yvoEv+6ZRwujv7/l3bI=",
            "source_code_size": 596,
            "tags": null,
            "timeout": 3,
            "timeouts": null,
            "tracing_config": [
              {
                "mode": "PassThrough"
              }
            ],
            "version": "$LATEST",
            "vpc_config": []
          },
          "sensitive_attributes": [],
          "private": "eyJlMmJmYjczMC1lY2FhLTExZTYtOGY4OC0zNDM2M2JjN2M0YzAiOnsiY3JlYXRlIjo2MDAwMDAwMDAwMDB9fQ==",
          "dependencies": [
            "aws_iam_role.lambda_exec"
          ]
        }
      ]
    },
    {
      "mode": "managed",
      "type": "aws_lambda_permission",
      "name": "apigw",
      "provider": "provider[\"registry.terraform.io/hashicorp/aws\"]",
      "instances": [
        {
          "schema_version": 0,
          "attributes": {
            "action": "lambda:InvokeFunction",
            "event_source_token": null,
            "function_name": "ServerlessExample",
            "id": "AllowAPIGatewayInvoke",
            "principal": "apigateway.amazonaws.com",
            "qualifier": "",
            "source_account": null,
            "source_arn": "arn:aws:execute-api:eu-central-1:935578556904:3l2zndyysk/*/*",
            "statement_id": "AllowAPIGatewayInvoke",
            "statement_id_prefix": null
          },
          "sensitive_attributes": [],
          "private": "bnVsbA==",
          "dependencies": [
            "aws_api_gateway_rest_api.example",
            "aws_iam_role.lambda_exec",
            "aws_lambda_function.example"
          ]
        }
      ]
    },
    {
      "mode": "managed",
      "type": "aws_lb_listener",
      "name": "listener",
      "provider": "provider[\"registry.terraform.io/hashicorp/aws\"]",
      "instances": [
        {
          "schema_version": 0,
          "attributes": {
            "arn": "arn:aws:elasticloadbalancing:eu-central-1:935578556904:listener/app/test-lb-tf/f6021b8c35a155bf/c39876a1749c69cf",
            "certificate_arn": null,
            "default_action": [
              {
                "authenticate_cognito": [],
                "authenticate_oidc": [],
                "fixed_response": [],
                "forward": [],
                "order": 1,
                "redirect": [],
                "target_group_arn": "arn:aws:elasticloadbalancing:eu-central-1:935578556904:targetgroup/target-group/275daa9ac884da48",
                "type": "forward"
              }
            ],
            "id": "arn:aws:elasticloadbalancing:eu-central-1:935578556904:listener/app/test-lb-tf/f6021b8c35a155bf/c39876a1749c69cf",
            "load_balancer_arn": "arn:aws:elasticloadbalancing:eu-central-1:935578556904:loadbalancer/app/test-lb-tf/f6021b8c35a155bf",
            "port": 80,
            "protocol": "HTTP",
            "ssl_policy": "",
            "timeouts": null
          },
          "sensitive_attributes": [],
          "private": "eyJlMmJmYjczMC1lY2FhLTExZTYtOGY4OC0zNDM2M2JjN2M0YzAiOnsicmVhZCI6NjAwMDAwMDAwMDAwfX0=",
          "dependencies": [
            "aws_alb.application_load_balancer",
            "aws_default_subnet.default_subnet_a",
            "aws_default_subnet.default_subnet_b",
            "aws_default_subnet.default_subnet_c",
            "aws_default_vpc.default_vpc",
            "aws_lb_target_group.target_group",
            "aws_security_group.load_balancer_security_group"
          ]
        }
      ]
    },
    {
      "mode": "managed",
      "type": "aws_lb_target_group",
      "name": "target_group",
      "provider": "provider[\"registry.terraform.io/hashicorp/aws\"]",
      "instances": [
        {
          "schema_version": 0,
          "attributes": {
            "arn": "arn:aws:elasticloadbalancing:eu-central-1:935578556904:targetgroup/target-group/275daa9ac884da48",
            "arn_suffix": "targetgroup/target-group/275daa9ac884da48",
            "deregistration_delay": 300,
            "health_check": [
              {
                "enabled": true,
                "healthy_threshold": 5,
                "interval": 30,
                "matcher": "200",
                "path": "/",
                "port": "traffic-port",
                "protocol": "HTTP",
                "timeout": 5,
                "unhealthy_threshold": 2
              }
            ],
            "id": "arn:aws:elasticloadbalancing:eu-central-1:935578556904:targetgroup/target-group/275daa9ac884da48",
            "lambda_multi_value_headers_enabled": false,
            "load_balancing_algorithm_type": "round_robin",
            "name": "target-group",
            "name_prefix": null,
            "port": 80,
            "protocol": "HTTP",
            "proxy_protocol_v2": false,
            "slow_start": 0,
            "stickiness": [
              {
                "cookie_duration": 86400,
                "enabled": false,
                "type": "lb_cookie"
              }
            ],
            "tags": null,
            "target_type": "ip",
            "vpc_id": "vpc-908d2bfa"
          },
          "sensitive_attributes": [],
          "private": "bnVsbA==",
          "dependencies": [
            "aws_alb.application_load_balancer",
            "aws_default_subnet.default_subnet_a",
            "aws_default_subnet.default_subnet_b",
            "aws_default_subnet.default_subnet_c",
            "aws_default_vpc.default_vpc",
            "aws_security_group.load_balancer_security_group"
          ]
        }
      ]
    },
    {
      "mode": "managed",
      "type": "aws_security_group",
      "name": "load_balancer_security_group",
      "provider": "provider[\"registry.terraform.io/hashicorp/aws\"]",
      "instances": [
        {
          "schema_version": 1,
          "attributes": {
            "arn": "arn:aws:ec2:eu-central-1:935578556904:security-group/sg-07c0292259455d836",
            "description": "Managed by Terraform",
            "egress": [
              {
                "cidr_blocks": [
                  "0.0.0.0/0"
                ],
                "description": "",
                "from_port": 0,
                "ipv6_cidr_blocks": [],
                "prefix_list_ids": [],
                "protocol": "-1",
                "security_groups": [],
                "self": false,
                "to_port": 0
              }
            ],
            "id": "sg-07c0292259455d836",
            "ingress": [
              {
                "cidr_blocks": [
                  "0.0.0.0/0"
                ],
                "description": "",
                "from_port": 80,
                "ipv6_cidr_blocks": [],
                "prefix_list_ids": [],
                "protocol": "tcp",
                "security_groups": [],
                "self": false,
                "to_port": 80
              }
            ],
            "name": "terraform-20210201073900196300000001",
            "name_prefix": "",
            "owner_id": "935578556904",
            "revoke_rules_on_delete": false,
            "tags": null,
            "timeouts": null,
            "vpc_id": "vpc-908d2bfa"
          },
          "sensitive_attributes": [],
          "private": "eyJlMmJmYjczMC1lY2FhLTExZTYtOGY4OC0zNDM2M2JjN2M0YzAiOnsiY3JlYXRlIjo2MDAwMDAwMDAwMDAsImRlbGV0ZSI6NjAwMDAwMDAwMDAwfSwic2NoZW1hX3ZlcnNpb24iOiIxIn0="
        }
      ]
    },
    {
      "mode": "managed",
      "type": "aws_security_group",
      "name": "service_security_group",
      "provider": "provider[\"registry.terraform.io/hashicorp/aws\"]",
      "instances": [
        {
          "schema_version": 1,
          "attributes": {
            "arn": "arn:aws:ec2:eu-central-1:935578556904:security-group/sg-0c79de40d93b26c50",
            "description": "Managed by Terraform",
            "egress": [
              {
                "cidr_blocks": [
                  "0.0.0.0/0"
                ],
                "description": "",
                "from_port": 0,
                "ipv6_cidr_blocks": [],
                "prefix_list_ids": [],
                "protocol": "-1",
                "security_groups": [],
                "self": false,
                "to_port": 0
              }
            ],
            "id": "sg-0c79de40d93b26c50",
            "ingress": [
              {
                "cidr_blocks": [],
                "description": "",
                "from_port": 0,
                "ipv6_cidr_blocks": [],
                "prefix_list_ids": [],
                "protocol": "-1",
                "security_groups": [
                  "sg-07c0292259455d836"
                ],
                "self": false,
                "to_port": 0
              }
            ],
            "name": "terraform-20210201073904264700000003",
            "name_prefix": "",
            "owner_id": "935578556904",
            "revoke_rules_on_delete": false,
            "tags": null,
            "timeouts": null,
            "vpc_id": "vpc-908d2bfa"
          },
          "sensitive_attributes": [],
          "private": "eyJlMmJmYjczMC1lY2FhLTExZTYtOGY4OC0zNDM2M2JjN2M0YzAiOnsiY3JlYXRlIjo2MDAwMDAwMDAwMDAsImRlbGV0ZSI6NjAwMDAwMDAwMDAwfSwic2NoZW1hX3ZlcnNpb24iOiIxIn0=",
          "dependencies": [
            "aws_security_group.load_balancer_security_group"
          ]
        }
      ]
    }
  ]
}
